# THIS IS AN AUTOGENERATED FILE. DO NOT EDIT THIS FILE DIRECTLY.
# yarn lockfile v1


"@types/blessed@^0.1.17":
  version "0.1.17"
  resolved "https://registry.npmjs.org/@types/blessed/-/blessed-0.1.17.tgz"
  dependencies:
    "@types/node" "*"

"@types/node@*":
  version "15.12.2"
  resolved "https://registry.npmjs.org/@types/node/-/node-15.12.2.tgz"

ansi-styles@^4.1.0:
  version "4.3.0"
  resolved "https://registry.npmjs.org/ansi-styles/-/ansi-styles-4.3.0.tgz"
  dependencies:
    color-convert "^2.0.1"

chalk@^4.1.1:
  version "4.1.1"
  resolved "https://registry.npmjs.org/chalk/-/chalk-4.1.1.tgz"
  dependencies:
    ansi-styles "^4.1.0"
    supports-color "^7.1.0"

color-convert@^2.0.1:
  version "2.0.1"
  resolved "https://registry.npmjs.org/color-convert/-/color-convert-2.0.1.tgz"
  dependencies:
    color-name "~1.1.4"

color-name@~1.1.4:
  version "1.1.4"
  resolved "https://registry.npmjs.org/color-name/-/color-name-1.1.4.tgz"

faker@^5.5.3:
  version "5.5.3"
  resolved "https://registry.npmjs.org/faker/-/faker-5.5.3.tgz"

has-flag@^4.0.0:
  version "4.0.0"
  resolved "https://registry.npmjs.org/has-flag/-/has-flag-4.0.0.tgz"

logger@^0.0.1:
  version "0.0.1"
  resolved "https://registry.yarnpkg.com/logger/-/logger-0.0.1.tgz#cb08171f8a6f6f674b8499dadf50bed4befb72c4"

neo-blessed@^0.2.0:
  version "0.2.0"
  resolved "https://registry.yarnpkg.com/neo-blessed/-/neo-blessed-0.2.0.tgz#30f9495fdd104494402b62c6273a9c9b82de4f2b"

printable-characters@^1.0.42:
  version "1.0.42"
  resolved "https://registry.yarnpkg.com/printable-characters/-/printable-characters-1.0.42.tgz#3f18e977a9bd8eb37fcc4ff5659d7be90868b3d8"

sisteransi@^1.0.5:
  version "1.0.5"
  resolved "https://registry.npmjs.org/sisteransi/-/sisteransi-1.0.5.tgz"

supports-color@^7.1.0:
  version "7.2.0"
  resolved "https://registry.npmjs.org/supports-color/-/supports-color-7.2.0.tgz"
  dependencies:
    has-flag "^4.0.0"

typescript@^4.3.2:
  version "4.3.2"
  resolved "https://registry.yarnpkg.com/typescript/-/typescript-4.3.2.tgz#399ab18aac45802d6f2498de5054fcbbe716a805"
